github.com/google/uuid v1.3.0 h1:t6JiXgmwXMjEs8VusXIJk2BXHsn+wx8BZdTaoZ5fu7I=
github.com/google/uuid v1.3.0/go.mod h1:TIyPZe4MgqvfeYDBFedMoGGpEw/LqOeaOT+nhxU+yHo=
github.com/hashicorp/golang-lru v0.5.4/go.mod h1:iADmTwqILo4mZ8BN3D2Q6+9jd8WM5uGBxy+E8yxSoD4=
github.com/hashicorp/golang-lru v1.0.2 h1:dV3g9Z/unq5DpblPpw+Oqcv4dU/1omnb4Ok8iPY6p1c=
github.com/hashicorp/golang-lru v1.0.2/go.mod h1:iADmTwqILo4mZ8BN3D2Q6+9jd8WM5uGBxy+E8yxSoD4=
github.com/statsig-io/ip3country-go v0.2.1 h1:bLkWWM0PGz9OQrcGF2qqtfxQeVwxUYP46peNjJKnM+k=
github.com/statsig-io/ip3country-go v0.2.1/go.mod h1:PKuA/VSpe4puBXw3BNGAHyP8IOZOiXAh/xIz+iYYoMQ=
github.com/ua-parser/uap-go v0.0.0-20250326153904-a60dd5b540d2 h1:db8jCFPlKfodWMt/0wp1LDy1cNiRvt3YqTytE9ewpzM=
github.com/ua-parser/uap-go v0.0.0-20250326153904-a60dd5b540d2/go.mod h1:BUbeWZiieNxAuuADTBNb3/aeje6on3DhU3rpWsQSB1E=
gopkg.in/check.v1 v0.0.0-20161208181325-20d25e280405 h1:yhCVgyC4o1eVCa2tZl7eS0r+SDo693bJlVdllGtEeKM=
gopkg.in/check.v1 v0.0.0-20161208181325-20d25e280405/go.mod h1:Co6ibVJAznAaIkqp8huTwlJQCZ016jof/cbN4VW5Yz0=
gopkg.in/yaml.v2 v2.2.1 h1:mUhvW9EsL+naU5Q3cakzfE91YhliOondGd6ZrsDBHQE=
gopkg.in/yaml.v2 v2.2.1/go.mod h1:hI93XBmqTisBFMUTm0b8Fm+jr3Dg1NNxqwp+5A1VGuI=
